
Microsoft Visual Studio Solution File, Format Version 12.00
# Visual Studio Version 16
VisualStudioVersion = 16.0.30413.136
MinimumVisualStudioVersion = 10.0.40219.1
Project("{FAE04EC0-301F-11D3-BF4B-00C04F79EFBC}") = "Jenkins.ASP.NETCORE", "Jenkins.ASP.NETCORE\Jenkins.ASP.NETCORE.csproj", "{D091A3AF-33F4-45C1-8742-3EA8D4B671C8}"
EndProject
Project("{FAE04EC0-301F-11D3-BF4B-00C04F79EFBC}") = "Jenkins.ASP.NETCORE.API", "Jenkins.ASP.NETCORE.API\Jenkins.ASP.NETCORE.API.csproj", "{33177473-3403-41DC-BEFC-6D9DD6750965}"
EndProject
Global
	GlobalSection(SolutionConfigurationPlatforms) = preSolution
		Debug|Any CPU = Debug|Any CPU
		Release|Any CPU = Release|Any CPU
	EndGlobalSection
	GlobalSection(ProjectConfigurationPlatforms) = postSolution
		{D091A3AF-33F4-45C1-8742-3EA8D4B671C8}.Debug|Any CPU.ActiveCfg = Debug|Any CPU
		{D091A3AF-33F4-45C1-8742-3EA8D4B671C8}.Debug|Any CPU.Build.0 = Debug|Any CPU
		{D091A3AF-33F4-45C1-8742-3EA8D4B671C8}.Release|Any CPU.ActiveCfg = Release|Any CPU
		{D091A3AF-33F4-45C1-8742-3EA8D4B671C8}.Release|Any CPU.Build.0 = Release|Any CPU
		{33177473-3403-41DC-BEFC-6D9DD6750965}.Debug|Any CPU.ActiveCfg = Debug|Any CPU
		{33177473-3403-41DC-BEFC-6D9DD6750965}.Debug|Any CPU.Build.0 = Debug|Any CPU
		{33177473-3403-41DC-BEFC-6D9DD6750965}.Release|Any CPU.ActiveCfg = Release|Any CPU
		{33177473-3403-41DC-BEFC-6D9DD6750965}.Release|Any CPU.Build.0 = Release|Any CPU
	EndGlobalSection
	GlobalSection(SolutionProperties) = preSolution
		HideSolutionNode = FALSE
	EndGlobalSection
	GlobalSection(ExtensibilityGlobals) = postSolution
		SolutionGuid = {B21E59AE-568A-4CAE-8E2D-A66BB979494E}
	EndGlobalSection
EndGlobal
